<?xml version="1.0" encoding="utf-8"?>
<Project ToolsVersion="4.0" xmlns="http://schemas.microsoft.com/developer/msbuild/2003">
  <ItemGroup>
    <Filter Include="Helpers">
      <UniqueIdentifier>{ca14f9f3-55ee-4d95-bd81-872b0fa9c494}</UniqueIdentifier>
    </Filter>
    <Filter Include="Core">
      <UniqueIdentifier>{de7c39ca-66bd-4696-af76-1bcfd5c6a843}</UniqueIdentifier>
    </Filter>
    <Filter Include="Helpers\Math">
      <UniqueIdentifier>{7b036a5b-b1b4-40c6-860f-19d6da73b723}</UniqueIdentifier>
    </Filter>
    <Filter Include="Helpers\Math\Vector">
      <UniqueIdentifier>{b8fa26b8-526f-4adf-a6e9-c14aa616ffa6}</UniqueIdentifier>
    </Filter>
    <Filter Include="Helpers\Math\Matrix">
      <UniqueIdentifier>{9d732198-4554-41cc-8095-3f33d997fd2d}</UniqueIdentifier>
    </Filter>
    <Filter Include="Helpers\Math\Colour">
      <UniqueIdentifier>{616a7d6d-59f7-4fc7-bd6e-723bde3276d7}</UniqueIdentifier>
    </Filter>
    <Filter Include="Helpers\Math\Ray">
      <UniqueIdentifier>{ad81c0f8-54c4-49ae-9a6a-2b1848368029}</UniqueIdentifier>
    </Filter>
    <Filter Include="Helpers\Memory">
      <UniqueIdentifier>{11f764c2-3c94-4ad4-af5d-6bfbeeda50c2}</UniqueIdentifier>
    </Filter>
    <Filter Include="Helpers\Memory\Image">
      <UniqueIdentifier>{4589c29a-cfe4-419d-80da-2000a62dcd7d}</UniqueIdentifier>
    </Filter>
    <Filter Include="Core\Structures">
      <UniqueIdentifier>{705121cd-7d4b-4b2c-a17a-131473813528}</UniqueIdentifier>
    </Filter>
    <Filter Include="Core\Structures\Vertex">
      <UniqueIdentifier>{4127f0cb-829a-44ab-abf1-89340f43eb43}</UniqueIdentifier>
    </Filter>
    <Filter Include="Core\Structures\Triangle">
      <UniqueIdentifier>{52216c4c-3334-4940-a232-23eb2dc274f2}</UniqueIdentifier>
    </Filter>
  </ItemGroup>
  <ItemGroup>
    <ClCompile Include="..\src\core\main.cpp" />
    <ClCompile Include="..\src\helpers\Math_Vector.cpp">
      <Filter>Helpers\Math\Vector</Filter>
    </ClCompile>
    <ClCompile Include="..\src\helpers\Math_Ray.cpp">
      <Filter>Helpers\Math\Ray</Filter>
    </ClCompile>
    <ClCompile Include="..\src\helpers\Math_Matrix.cpp">
      <Filter>Helpers\Math\Matrix</Filter>
    </ClCompile>
  </ItemGroup>
  <ItemGroup>
    <ClInclude Include="..\src\helpers\Math_Vector.h">
      <Filter>Helpers\Math\Vector</Filter>
    </ClInclude>
    <ClInclude Include="..\src\helpers\Math_Colour.h">
      <Filter>Helpers\Math\Colour</Filter>
    </ClInclude>
    <ClInclude Include="..\src\helpers\Image.h">
      <Filter>Helpers\Memory\Image</Filter>
    </ClInclude>
    <ClInclude Include="..\src\helpers\Math_Ray.h">
      <Filter>Helpers\Math\Ray</Filter>
    </ClInclude>
    <ClInclude Include="..\src\helpers\Math_Matrix.h">
      <Filter>Helpers\Math\Matrix</Filter>
    </ClInclude>
    <ClInclude Include="..\src\core\Vertex.h">
      <Filter>Core\Structures\Vertex</Filter>
    </ClInclude>
    <ClInclude Include="..\src\core\Triangle.h">
      <Filter>Core\Structures\Triangle</Filter>
    </ClInclude>
    <ClInclude Include="..\src\core\Intersection.h">
      <Filter>Core\Structures\Triangle</Filter>
    </ClInclude>
  </ItemGroup>
</Project>